
Microsoft Visual Studio Solution File, Format Version 12.00
# Visual Studio Version 17
VisualStudioVersion = 17.14.36127.28 d17.14
MinimumVisualStudioVersion = 10.0.40219.1
Project("{FAE04EC0-301F-11D3-BF4B-00C04F79EFBC}") = "Vocal_Fry", "Vocal_Fry\Vocal_Fry.csproj", "{C212D7DA-09B9-4FB8-BEE8-A754F9EE2BEF}"
EndProject
Global
	GlobalSection(SolutionConfigurationPlatforms) = preSolution
		Debug|Any CPU = Debug|Any CPU
		Release|Any CPU = Release|Any CPU
	EndGlobalSection
	GlobalSection(ProjectConfigurationPlatforms) = postSolution
		{C212D7DA-09B9-4FB8-BEE8-A754F9EE2BEF}.Debug|Any CPU.ActiveCfg = Debug|Any CPU
		{C212D7DA-09B9-4FB8-BEE8-A754F9EE2BEF}.Debug|Any CPU.Build.0 = Debug|Any CPU
		{C212D7DA-09B9-4FB8-BEE8-A754F9EE2BEF}.Release|Any CPU.ActiveCfg = Release|Any CPU
		{C212D7DA-09B9-4FB8-BEE8-A754F9EE2BEF}.Release|Any CPU.Build.0 = Release|Any CPU
	EndGlobalSection
	GlobalSection(SolutionProperties) = preSolution
		HideSolutionNode = FALSE
	EndGlobalSection
	GlobalSection(ExtensibilityGlobals) = postSolution
		SolutionGuid = {410BD1F4-F5A8-49CC-958E-F9CBE389B4BA}
	EndGlobalSection
EndGlobal
